// !$*UTF8*$!
{
	archiveVersion = 1;
	classes = {
	};
	objectVersion = 56;
	objects = {

/* Begin PBXBuildFile section */
		FC3E11102B62C5D4007E166E /* AppDelegate.swift in Sources */ = {isa = PBXBuildFile; fileRef = FC3E110F2B62C5D4007E166E /* AppDelegate.swift */; };
		FC3E11192B62C5D6007E166E /* Assets.xcassets in Resources */ = {isa = PBXBuildFile; fileRef = FC3E11182B62C5D6007E166E /* Assets.xcassets */; };
		FC3E111C2B62C5D6007E166E /* LaunchScreen.storyboard in Resources */ = {isa = PBXBuildFile; fileRef = FC3E111A2B62C5D6007E166E /* LaunchScreen.storyboard */; };
		FC3E11292B62C6CD007E166E /* BaseWireframe.swift in Sources */ = {isa = PBXBuildFile; fileRef = FC3E11232B62C6CD007E166E /* BaseWireframe.swift */; };
		FC3E112A2B62C6CD007E166E /* FormatterInterface.swift in Sources */ = {isa = PBXBuildFile; fileRef = FC3E11242B62C6CD007E166E /* FormatterInterface.swift */; };
		FC3E112B2B62C6CD007E166E /* UIStoryboardExtension.swift in Sources */ = {isa = PBXBuildFile; fileRef = FC3E11252B62C6CD007E166E /* UIStoryboardExtension.swift */; };
		FC3E112C2B62C6CD007E166E /* PresenterInterface.swift in Sources */ = {isa = PBXBuildFile; fileRef = FC3E11262B62C6CD007E166E /* PresenterInterface.swift */; };
		FC3E112D2B62C6CD007E166E /* ViewInterface.swift in Sources */ = {isa = PBXBuildFile; fileRef = FC3E11272B62C6CD007E166E /* ViewInterface.swift */; };
		FC3E112E2B62C6CD007E166E /* InteractorInterface.swift in Sources */ = {isa = PBXBuildFile; fileRef = FC3E11282B62C6CD007E166E /* InteractorInterface.swift */; };
		FC3E11442B62DBF8007E166E /* OnboardingInterfaces.swift in Sources */ = {isa = PBXBuildFile; fileRef = FC3E113E2B62DBF8007E166E /* OnboardingInterfaces.swift */; };
		FC3E11452B62DBF8007E166E /* OnboardingPresenter.swift in Sources */ = {isa = PBXBuildFile; fileRef = FC3E113F2B62DBF8007E166E /* OnboardingPresenter.swift */; };
		FC3E11462B62DBF8007E166E /* OnboardingViewController.swift in Sources */ = {isa = PBXBuildFile; fileRef = FC3E11402B62DBF8007E166E /* OnboardingViewController.swift */; };
		FC3E11472B62DBF8007E166E /* OnboardingInteractor.swift in Sources */ = {isa = PBXBuildFile; fileRef = FC3E11412B62DBF8007E166E /* OnboardingInteractor.swift */; };
		FC3E11482B62DBF8007E166E /* OnboardingWireframe.swift in Sources */ = {isa = PBXBuildFile; fileRef = FC3E11422B62DBF8007E166E /* OnboardingWireframe.swift */; };
		FC3E11502B62DC36007E166E /* HomeInterfaces.swift in Sources */ = {isa = PBXBuildFile; fileRef = FC3E114A2B62DC36007E166E /* HomeInterfaces.swift */; };
		FC3E11512B62DC36007E166E /* HomePresenter.swift in Sources */ = {isa = PBXBuildFile; fileRef = FC3E114B2B62DC36007E166E /* HomePresenter.swift */; };
		FC3E11522B62DC36007E166E /* HomeViewController.swift in Sources */ = {isa = PBXBuildFile; fileRef = FC3E114C2B62DC36007E166E /* HomeViewController.swift */; };
		FC3E11532B62DC36007E166E /* HomeInteractor.swift in Sources */ = {isa = PBXBuildFile; fileRef = FC3E114D2B62DC36007E166E /* HomeInteractor.swift */; };
		FC3E11542B62DC36007E166E /* HomeWireframe.swift in Sources */ = {isa = PBXBuildFile; fileRef = FC3E114E2B62DC36007E166E /* HomeWireframe.swift */; };
		FC3E115E2B62DC70007E166E /* QuestionsInterfaces.swift in Sources */ = {isa = PBXBuildFile; fileRef = FC3E11582B62DC70007E166E /* QuestionsInterfaces.swift */; };
		FC3E115F2B62DC70007E166E /* QuestionsPresenter.swift in Sources */ = {isa = PBXBuildFile; fileRef = FC3E11592B62DC70007E166E /* QuestionsPresenter.swift */; };
		FC3E11602B62DC70007E166E /* QuestionsViewController.swift in Sources */ = {isa = PBXBuildFile; fileRef = FC3E115A2B62DC70007E166E /* QuestionsViewController.swift */; };
		FC3E11612B62DC70007E166E /* QuestionsInteractor.swift in Sources */ = {isa = PBXBuildFile; fileRef = FC3E115B2B62DC70007E166E /* QuestionsInteractor.swift */; };
		FC3E11622B62DC70007E166E /* QuestionsWireframe.swift in Sources */ = {isa = PBXBuildFile; fileRef = FC3E115C2B62DC70007E166E /* QuestionsWireframe.swift */; };
		FC3E116A2B62DC7F007E166E /* Results.storyboard in Resources */ = {isa = PBXBuildFile; fileRef = FC3E11642B62DC7F007E166E /* Results.storyboard */; };
		FC3E116B2B62DC7F007E166E /* ResultsInterfaces.swift in Sources */ = {isa = PBXBuildFile; fileRef = FC3E11652B62DC7F007E166E /* ResultsInterfaces.swift */; };
		FC3E116C2B62DC7F007E166E /* ResultsPresenter.swift in Sources */ = {isa = PBXBuildFile; fileRef = FC3E11662B62DC7F007E166E /* ResultsPresenter.swift */; };
		FC3E116D2B62DC7F007E166E /* ResultsViewController.swift in Sources */ = {isa = PBXBuildFile; fileRef = FC3E11672B62DC7F007E166E /* ResultsViewController.swift */; };
		FC3E116E2B62DC7F007E166E /* ResultsInteractor.swift in Sources */ = {isa = PBXBuildFile; fileRef = FC3E11682B62DC7F007E166E /* ResultsInteractor.swift */; };
		FC3E116F2B62DC7F007E166E /* ResultsWireframe.swift in Sources */ = {isa = PBXBuildFile; fileRef = FC3E11692B62DC7F007E166E /* ResultsWireframe.swift */; };
		FC3E11732B639F54007E166E /* Onboarding.storyboard in Resources */ = {isa = PBXBuildFile; fileRef = FC3E11722B639F54007E166E /* Onboarding.storyboard */; };
		FC3E11752B63A9EA007E166E /* GradientView.swift in Sources */ = {isa = PBXBuildFile; fileRef = FC3E11742B63A9EA007E166E /* GradientView.swift */; };
		FC3E11782B63C866007E166E /* UIView+Extension.swift in Sources */ = {isa = PBXBuildFile; fileRef = FC3E11772B63C866007E166E /* UIView+Extension.swift */; };
		FC3E117C2B63FA0B007E166E /* Colors.swift in Sources */ = {isa = PBXBuildFile; fileRef = FC3E117B2B63FA0B007E166E /* Colors.swift */; };
		FC3E11822B64499B007E166E /* UserService.swift in Sources */ = {isa = PBXBuildFile; fileRef = FC3E11812B64499B007E166E /* UserService.swift */; };
		FC3E11842B679306007E166E /* Home.storyboard in Resources */ = {isa = PBXBuildFile; fileRef = FC3E11832B679306007E166E /* Home.storyboard */; };
		FC3E11882B67AFBE007E166E /* CategoryCollectionViewCell.swift in Sources */ = {isa = PBXBuildFile; fileRef = FC3E11862B67AFBE007E166E /* CategoryCollectionViewCell.swift */; };
		FC3E11892B67AFBE007E166E /* CategoryCollectionViewCell.xib in Resources */ = {isa = PBXBuildFile; fileRef = FC3E11872B67AFBE007E166E /* CategoryCollectionViewCell.xib */; };
		FC3E118B2B67C126007E166E /* UIButton+Extension.swift in Sources */ = {isa = PBXBuildFile; fileRef = FC3E118A2B67C126007E166E /* UIButton+Extension.swift */; };
		FC3E118D2B67E976007E166E /* GradientBackground.swift in Sources */ = {isa = PBXBuildFile; fileRef = FC3E118C2B67E976007E166E /* GradientBackground.swift */; };
		FC3E118F2B683051007E166E /* EuropeanCinemaData.swift in Sources */ = {isa = PBXBuildFile; fileRef = FC3E118E2B683051007E166E /* EuropeanCinemaData.swift */; };
		FC3E11942B68503E007E166E /* GalatasarayLegendsData.swift in Sources */ = {isa = PBXBuildFile; fileRef = FC3E11932B68503E007E166E /* GalatasarayLegendsData.swift */; };
		FC3E11962B685609007E166E /* Categories.swift in Sources */ = {isa = PBXBuildFile; fileRef = FC3E11952B685609007E166E /* Categories.swift */; };
		FC3E11992B68F9F1007E166E /* FaceAnswer.xcdatamodeld in Sources */ = {isa = PBXBuildFile; fileRef = FC3E11972B68F9F1007E166E /* FaceAnswer.xcdatamodeld */; };
		FC3E11BF2B691983007E166E /* User+CoreDataClass.swift in Sources */ = {isa = PBXBuildFile; fileRef = FC3E11BD2B691983007E166E /* User+CoreDataClass.swift */; };
		FC3E11C02B691983007E166E /* User+CoreDataProperties.swift in Sources */ = {isa = PBXBuildFile; fileRef = FC3E11BE2B691983007E166E /* User+CoreDataProperties.swift */; };
		FC3E11C42B6996CB007E166E /* Questions.storyboard in Resources */ = {isa = PBXBuildFile; fileRef = FC3E11C32B6996CB007E166E /* Questions.storyboard */; };
		FC3E11C62B69BDE1007E166E /* CoreDataService.swift in Sources */ = {isa = PBXBuildFile; fileRef = FC3E11C52B69BDE1007E166E /* CoreDataService.swift */; };
/* End PBXBuildFile section */

/* Begin PBXFileReference section */
		FC3E110C2B62C5D4007E166E /* FaceAnswer.app */ = {isa = PBXFileReference; explicitFileType = wrapper.application; includeInIndex = 0; path = FaceAnswer.app; sourceTree = BUILT_PRODUCTS_DIR; };
		FC3E110F2B62C5D4007E166E /* AppDelegate.swift */ = {isa = PBXFileReference; lastKnownFileType = sourcecode.swift; path = AppDelegate.swift; sourceTree = "<group>"; };
		FC3E11182B62C5D6007E166E /* Assets.xcassets */ = {isa = PBXFileReference; lastKnownFileType = folder.assetcatalog; path = Assets.xcassets; sourceTree = "<group>"; };
		FC3E111B2B62C5D6007E166E /* Base */ = {isa = PBXFileReference; lastKnownFileType = file.storyboard; name = Base; path = Base.lproj/LaunchScreen.storyboard; sourceTree = "<group>"; };
		FC3E111D2B62C5D6007E166E /* Info.plist */ = {isa = PBXFileReference; lastKnownFileType = text.plist.xml; path = Info.plist; sourceTree = "<group>"; };
		FC3E11232B62C6CD007E166E /* BaseWireframe.swift */ = {isa = PBXFileReference; lastKnownFileType = sourcecode.swift; path = BaseWireframe.swift; sourceTree = "<group>"; };
		FC3E11242B62C6CD007E166E /* FormatterInterface.swift */ = {isa = PBXFileReference; lastKnownFileType = sourcecode.swift; path = FormatterInterface.swift; sourceTree = "<group>"; };
		FC3E11252B62C6CD007E166E /* UIStoryboardExtension.swift */ = {isa = PBXFileReference; lastKnownFileType = sourcecode.swift; path = UIStoryboardExtension.swift; sourceTree = "<group>"; };
		FC3E11262B62C6CD007E166E /* PresenterInterface.swift */ = {isa = PBXFileReference; lastKnownFileType = sourcecode.swift; path = PresenterInterface.swift; sourceTree = "<group>"; };
		FC3E11272B62C6CD007E166E /* ViewInterface.swift */ = {isa = PBXFileReference; lastKnownFileType = sourcecode.swift; path = ViewInterface.swift; sourceTree = "<group>"; };
		FC3E11282B62C6CD007E166E /* InteractorInterface.swift */ = {isa = PBXFileReference; lastKnownFileType = sourcecode.swift; path = InteractorInterface.swift; sourceTree = "<group>"; };
		FC3E113E2B62DBF8007E166E /* OnboardingInterfaces.swift */ = {isa = PBXFileReference; lastKnownFileType = sourcecode.swift; path = OnboardingInterfaces.swift; sourceTree = "<group>"; };
		FC3E113F2B62DBF8007E166E /* OnboardingPresenter.swift */ = {isa = PBXFileReference; lastKnownFileType = sourcecode.swift; path = OnboardingPresenter.swift; sourceTree = "<group>"; };
		FC3E11402B62DBF8007E166E /* OnboardingViewController.swift */ = {isa = PBXFileReference; lastKnownFileType = sourcecode.swift; path = OnboardingViewController.swift; sourceTree = "<group>"; };
		FC3E11412B62DBF8007E166E /* OnboardingInteractor.swift */ = {isa = PBXFileReference; lastKnownFileType = sourcecode.swift; path = OnboardingInteractor.swift; sourceTree = "<group>"; };
		FC3E11422B62DBF8007E166E /* OnboardingWireframe.swift */ = {isa = PBXFileReference; lastKnownFileType = sourcecode.swift; path = OnboardingWireframe.swift; sourceTree = "<group>"; };
		FC3E114A2B62DC36007E166E /* HomeInterfaces.swift */ = {isa = PBXFileReference; lastKnownFileType = sourcecode.swift; path = HomeInterfaces.swift; sourceTree = "<group>"; };
		FC3E114B2B62DC36007E166E /* HomePresenter.swift */ = {isa = PBXFileReference; lastKnownFileType = sourcecode.swift; path = HomePresenter.swift; sourceTree = "<group>"; };
		FC3E114C2B62DC36007E166E /* HomeViewController.swift */ = {isa = PBXFileReference; lastKnownFileType = sourcecode.swift; path = HomeViewController.swift; sourceTree = "<group>"; };
		FC3E114D2B62DC36007E166E /* HomeInteractor.swift */ = {isa = PBXFileReference; lastKnownFileType = sourcecode.swift; path = HomeInteractor.swift; sourceTree = "<group>"; };
		FC3E114E2B62DC36007E166E /* HomeWireframe.swift */ = {isa = PBXFileReference; lastKnownFileType = sourcecode.swift; path = HomeWireframe.swift; sourceTree = "<group>"; };
		FC3E11582B62DC70007E166E /* QuestionsInterfaces.swift */ = {isa = PBXFileReference; lastKnownFileType = sourcecode.swift; path = QuestionsInterfaces.swift; sourceTree = "<group>"; };
		FC3E11592B62DC70007E166E /* QuestionsPresenter.swift */ = {isa = PBXFileReference; lastKnownFileType = sourcecode.swift; path = QuestionsPresenter.swift; sourceTree = "<group>"; };
		FC3E115A2B62DC70007E166E /* QuestionsViewController.swift */ = {isa = PBXFileReference; lastKnownFileType = sourcecode.swift; path = QuestionsViewController.swift; sourceTree = "<group>"; };
		FC3E115B2B62DC70007E166E /* QuestionsInteractor.swift */ = {isa = PBXFileReference; lastKnownFileType = sourcecode.swift; path = QuestionsInteractor.swift; sourceTree = "<group>"; };
		FC3E115C2B62DC70007E166E /* QuestionsWireframe.swift */ = {isa = PBXFileReference; lastKnownFileType = sourcecode.swift; path = QuestionsWireframe.swift; sourceTree = "<group>"; };
		FC3E11642B62DC7F007E166E /* Results.storyboard */ = {isa = PBXFileReference; lastKnownFileType = file.storyboard; path = Results.storyboard; sourceTree = "<group>"; };
		FC3E11652B62DC7F007E166E /* ResultsInterfaces.swift */ = {isa = PBXFileReference; lastKnownFileType = sourcecode.swift; path = ResultsInterfaces.swift; sourceTree = "<group>"; };
		FC3E11662B62DC7F007E166E /* ResultsPresenter.swift */ = {isa = PBXFileReference; lastKnownFileType = sourcecode.swift; path = ResultsPresenter.swift; sourceTree = "<group>"; };
		FC3E11672B62DC7F007E166E /* ResultsViewController.swift */ = {isa = PBXFileReference; lastKnownFileType = sourcecode.swift; path = ResultsViewController.swift; sourceTree = "<group>"; };
		FC3E11682B62DC7F007E166E /* ResultsInteractor.swift */ = {isa = PBXFileReference; lastKnownFileType = sourcecode.swift; path = ResultsInteractor.swift; sourceTree = "<group>"; };
		FC3E11692B62DC7F007E166E /* ResultsWireframe.swift */ = {isa = PBXFileReference; lastKnownFileType = sourcecode.swift; path = ResultsWireframe.swift; sourceTree = "<group>"; };
		FC3E11722B639F54007E166E /* Onboarding.storyboard */ = {isa = PBXFileReference; lastKnownFileType = file.storyboard; path = Onboarding.storyboard; sourceTree = "<group>"; };
		FC3E11742B63A9EA007E166E /* GradientView.swift */ = {isa = PBXFileReference; lastKnownFileType = sourcecode.swift; path = GradientView.swift; sourceTree = "<group>"; };
		FC3E11772B63C866007E166E /* UIView+Extension.swift */ = {isa = PBXFileReference; lastKnownFileType = sourcecode.swift; path = "UIView+Extension.swift"; sourceTree = "<group>"; };
		FC3E117B2B63FA0B007E166E /* Colors.swift */ = {isa = PBXFileReference; lastKnownFileType = sourcecode.swift; path = Colors.swift; sourceTree = "<group>"; };
		FC3E11812B64499B007E166E /* UserService.swift */ = {isa = PBXFileReference; lastKnownFileType = sourcecode.swift; path = UserService.swift; sourceTree = "<group>"; };
		FC3E11832B679306007E166E /* Home.storyboard */ = {isa = PBXFileReference; lastKnownFileType = file.storyboard; path = Home.storyboard; sourceTree = "<group>"; };
		FC3E11862B67AFBE007E166E /* CategoryCollectionViewCell.swift */ = {isa = PBXFileReference; lastKnownFileType = sourcecode.swift; path = CategoryCollectionViewCell.swift; sourceTree = "<group>"; };
		FC3E11872B67AFBE007E166E /* CategoryCollectionViewCell.xib */ = {isa = PBXFileReference; lastKnownFileType = file.xib; path = CategoryCollectionViewCell.xib; sourceTree = "<group>"; };
		FC3E118A2B67C126007E166E /* UIButton+Extension.swift */ = {isa = PBXFileReference; lastKnownFileType = sourcecode.swift; path = "UIButton+Extension.swift"; sourceTree = "<group>"; };
		FC3E118C2B67E976007E166E /* GradientBackground.swift */ = {isa = PBXFileReference; lastKnownFileType = sourcecode.swift; path = GradientBackground.swift; sourceTree = "<group>"; };
		FC3E118E2B683051007E166E /* EuropeanCinemaData.swift */ = {isa = PBXFileReference; lastKnownFileType = sourcecode.swift; path = EuropeanCinemaData.swift; sourceTree = "<group>"; };
		FC3E11932B68503E007E166E /* GalatasarayLegendsData.swift */ = {isa = PBXFileReference; lastKnownFileType = sourcecode.swift; path = GalatasarayLegendsData.swift; sourceTree = "<group>"; };
		FC3E11952B685609007E166E /* Categories.swift */ = {isa = PBXFileReference; lastKnownFileType = sourcecode.swift; path = Categories.swift; sourceTree = "<group>"; };
		FC3E11982B68F9F1007E166E /* FaceAnswer.xcdatamodel */ = {isa = PBXFileReference; lastKnownFileType = wrapper.xcdatamodel; path = FaceAnswer.xcdatamodel; sourceTree = "<group>"; };
		FC3E11BD2B691983007E166E /* User+CoreDataClass.swift */ = {isa = PBXFileReference; lastKnownFileType = sourcecode.swift; path = "User+CoreDataClass.swift"; sourceTree = SOURCE_ROOT; };
		FC3E11BE2B691983007E166E /* User+CoreDataProperties.swift */ = {isa = PBXFileReference; lastKnownFileType = sourcecode.swift; path = "User+CoreDataProperties.swift"; sourceTree = SOURCE_ROOT; };
		FC3E11C32B6996CB007E166E /* Questions.storyboard */ = {isa = PBXFileReference; lastKnownFileType = file.storyboard; path = Questions.storyboard; sourceTree = "<group>"; };
		FC3E11C52B69BDE1007E166E /* CoreDataService.swift */ = {isa = PBXFileReference; lastKnownFileType = sourcecode.swift; path = CoreDataService.swift; sourceTree = "<group>"; };
/* End PBXFileReference section */

/* Begin PBXFrameworksBuildPhase section */
		FC3E11092B62C5D4007E166E /* Frameworks */ = {
			isa = PBXFrameworksBuildPhase;
			buildActionMask = 2147483647;
			files = (
			);
			runOnlyForDeploymentPostprocessing = 0;
		};
/* End PBXFrameworksBuildPhase section */

/* Begin PBXGroup section */
		FC3E11032B62C5D4007E166E = {
			isa = PBXGroup;
			children = (
				FC3E110E2B62C5D4007E166E /* FaceAnswer */,
				FC3E110D2B62C5D4007E166E /* Products */,
			);
			sourceTree = "<group>";
		};
		FC3E110D2B62C5D4007E166E /* Products */ = {
			isa = PBXGroup;
			children = (
				FC3E110C2B62C5D4007E166E /* FaceAnswer.app */,
			);
			name = Products;
			sourceTree = "<group>";
		};
		FC3E110E2B62C5D4007E166E /* FaceAnswer */ = {
			isa = PBXGroup;
			children = (
				FC3E11712B62DCC7007E166E /* Application */,
				FC3E11702B62DC96007E166E /* Resources */,
				FC3E11312B62DB57007E166E /* Modules */,
				FC3E112F2B62C6DA007E166E /* Common */,
				FC3E111D2B62C5D6007E166E /* Info.plist */,
			);
			path = FaceAnswer;
			sourceTree = "<group>";
		};
		FC3E112F2B62C6DA007E166E /* Common */ = {
			isa = PBXGroup;
			children = (
				FC3E11802B644986007E166E /* Services */,
				FC3E117D2B64489A007E166E /* Models */,
				FC3E11762B63C849007E166E /* Extensions */,
				FC3E11302B62C6E9007E166E /* VIPER */,
			);
			path = Common;
			sourceTree = "<group>";
		};
		FC3E11302B62C6E9007E166E /* VIPER */ = {
			isa = PBXGroup;
			children = (
				FC3E11232B62C6CD007E166E /* BaseWireframe.swift */,
				FC3E11242B62C6CD007E166E /* FormatterInterface.swift */,
				FC3E11252B62C6CD007E166E /* UIStoryboardExtension.swift */,
				FC3E11262B62C6CD007E166E /* PresenterInterface.swift */,
				FC3E11272B62C6CD007E166E /* ViewInterface.swift */,
				FC3E11282B62C6CD007E166E /* InteractorInterface.swift */,
			);
			path = VIPER;
			sourceTree = "<group>";
		};
		FC3E11312B62DB57007E166E /* Modules */ = {
			isa = PBXGroup;
			children = (
				FC3E11632B62DC74007E166E /* Results */,
				FC3E11562B62DC59007E166E /* Questions */,
				FC3E11552B62DC49007E166E /* Home */,
				FC3E11322B62DB6B007E166E /* Onboarding */,
			);
			path = Modules;
			sourceTree = "<group>";
		};
		FC3E11322B62DB6B007E166E /* Onboarding */ = {
			isa = PBXGroup;
			children = (
				FC3E11722B639F54007E166E /* Onboarding.storyboard */,
				FC3E113E2B62DBF8007E166E /* OnboardingInterfaces.swift */,
				FC3E113F2B62DBF8007E166E /* OnboardingPresenter.swift */,
				FC3E11402B62DBF8007E166E /* OnboardingViewController.swift */,
				FC3E11412B62DBF8007E166E /* OnboardingInteractor.swift */,
				FC3E11422B62DBF8007E166E /* OnboardingWireframe.swift */,
			);
			path = Onboarding;
			sourceTree = "<group>";
		};
		FC3E11552B62DC49007E166E /* Home */ = {
			isa = PBXGroup;
			children = (
				FC3E11852B67AF28007E166E /* Cell */,
				FC3E11832B679306007E166E /* Home.storyboard */,
				FC3E114A2B62DC36007E166E /* HomeInterfaces.swift */,
				FC3E114B2B62DC36007E166E /* HomePresenter.swift */,
				FC3E114C2B62DC36007E166E /* HomeViewController.swift */,
				FC3E114D2B62DC36007E166E /* HomeInteractor.swift */,
				FC3E114E2B62DC36007E166E /* HomeWireframe.swift */,
			);
			path = Home;
			sourceTree = "<group>";
		};
		FC3E11562B62DC59007E166E /* Questions */ = {
			isa = PBXGroup;
			children = (
				FC3E11C32B6996CB007E166E /* Questions.storyboard */,
				FC3E11582B62DC70007E166E /* QuestionsInterfaces.swift */,
				FC3E11592B62DC70007E166E /* QuestionsPresenter.swift */,
				FC3E115A2B62DC70007E166E /* QuestionsViewController.swift */,
				FC3E115B2B62DC70007E166E /* QuestionsInteractor.swift */,
				FC3E115C2B62DC70007E166E /* QuestionsWireframe.swift */,
			);
			path = Questions;
			sourceTree = "<group>";
		};
		FC3E11632B62DC74007E166E /* Results */ = {
			isa = PBXGroup;
			children = (
				FC3E11642B62DC7F007E166E /* Results.storyboard */,
				FC3E11652B62DC7F007E166E /* ResultsInterfaces.swift */,
				FC3E11662B62DC7F007E166E /* ResultsPresenter.swift */,
				FC3E11672B62DC7F007E166E /* ResultsViewController.swift */,
				FC3E11682B62DC7F007E166E /* ResultsInteractor.swift */,
				FC3E11692B62DC7F007E166E /* ResultsWireframe.swift */,
			);
			path = Results;
			sourceTree = "<group>";
		};
		FC3E11702B62DC96007E166E /* Resources */ = {
			isa = PBXGroup;
			children = (
				FC3E11182B62C5D6007E166E /* Assets.xcassets */,
			);
			path = Resources;
			sourceTree = "<group>";
		};
		FC3E11712B62DCC7007E166E /* Application */ = {
			isa = PBXGroup;
			children = (
				FC3E111A2B62C5D6007E166E /* LaunchScreen.storyboard */,
				FC3E110F2B62C5D4007E166E /* AppDelegate.swift */,
			);
			path = Application;
			sourceTree = "<group>";
		};
		FC3E11762B63C849007E166E /* Extensions */ = {
			isa = PBXGroup;
			children = (
				FC3E11772B63C866007E166E /* UIView+Extension.swift */,
				FC3E118A2B67C126007E166E /* UIButton+Extension.swift */,
			);
			path = Extensions;
			sourceTree = "<group>";
		};
		FC3E117D2B64489A007E166E /* Models */ = {
			isa = PBXGroup;
			children = (
				FC3E11BD2B691983007E166E /* User+CoreDataClass.swift */,
				FC3E11BE2B691983007E166E /* User+CoreDataProperties.swift */,
			);
			path = Models;
			sourceTree = "<group>";
		};
		FC3E11802B644986007E166E /* Services */ = {
			isa = PBXGroup;
			children = (
				FC3E11812B64499B007E166E /* UserService.swift */,
				FC3E11742B63A9EA007E166E /* GradientView.swift */,
				FC3E118C2B67E976007E166E /* GradientBackground.swift */,
				FC3E117B2B63FA0B007E166E /* Colors.swift */,
				FC3E118E2B683051007E166E /* EuropeanCinemaData.swift */,
				FC3E11952B685609007E166E /* Categories.swift */,
				FC3E11932B68503E007E166E /* GalatasarayLegendsData.swift */,
				FC3E11972B68F9F1007E166E /* FaceAnswer.xcdatamodeld */,
				FC3E11C52B69BDE1007E166E /* CoreDataService.swift */,
			);
			path = Services;
			sourceTree = "<group>";
		};
		FC3E11852B67AF28007E166E /* Cell */ = {
			isa = PBXGroup;
			children = (
				FC3E11862B67AFBE007E166E /* CategoryCollectionViewCell.swift */,
				FC3E11872B67AFBE007E166E /* CategoryCollectionViewCell.xib */,
			);
			path = Cell;
			sourceTree = "<group>";
		};
/* End PBXGroup section */

/* Begin PBXNativeTarget section */
		FC3E110B2B62C5D4007E166E /* FaceAnswer */ = {
			isa = PBXNativeTarget;
			buildConfigurationList = FC3E11202B62C5D6007E166E /* Build configuration list for PBXNativeTarget "FaceAnswer" */;
			buildPhases = (
				FC3E11082B62C5D4007E166E /* Sources */,
				FC3E11092B62C5D4007E166E /* Frameworks */,
				FC3E110A2B62C5D4007E166E /* Resources */,
			);
			buildRules = (
			);
			dependencies = (
			);
			name = FaceAnswer;
			productName = FaceAnswer;
			productReference = FC3E110C2B62C5D4007E166E /* FaceAnswer.app */;
			productType = "com.apple.product-type.application";
		};
/* End PBXNativeTarget section */

/* Begin PBXProject section */
		FC3E11042B62C5D4007E166E /* Project object */ = {
			isa = PBXProject;
			attributes = {
				BuildIndependentTargetsInParallel = 1;
				LastSwiftUpdateCheck = 1520;
				LastUpgradeCheck = 1520;
				TargetAttributes = {
					FC3E110B2B62C5D4007E166E = {
						CreatedOnToolsVersion = 15.2;
					};
				};
			};
			buildConfigurationList = FC3E11072B62C5D4007E166E /* Build configuration list for PBXProject "FaceAnswer" */;
			compatibilityVersion = "Xcode 14.0";
			developmentRegion = en;
			hasScannedForEncodings = 0;
			knownRegions = (
				en,
				Base,
			);
			mainGroup = FC3E11032B62C5D4007E166E;
			productRefGroup = FC3E110D2B62C5D4007E166E /* Products */;
			projectDirPath = "";
			projectRoot = "";
			targets = (
				FC3E110B2B62C5D4007E166E /* FaceAnswer */,
			);
		};
/* End PBXProject section */

/* Begin PBXResourcesBuildPhase section */
		FC3E110A2B62C5D4007E166E /* Resources */ = {
			isa = PBXResourcesBuildPhase;
			buildActionMask = 2147483647;
			files = (
				FC3E111C2B62C5D6007E166E /* LaunchScreen.storyboard in Resources */,
				FC3E11892B67AFBE007E166E /* CategoryCollectionViewCell.xib in Resources */,
				FC3E116A2B62DC7F007E166E /* Results.storyboard in Resources */,
				FC3E11732B639F54007E166E /* Onboarding.storyboard in Resources */,
				FC3E11C42B6996CB007E166E /* Questions.storyboard in Resources */,
				FC3E11842B679306007E166E /* Home.storyboard in Resources */,
				FC3E11192B62C5D6007E166E /* Assets.xcassets in Resources */,
			);
			runOnlyForDeploymentPostprocessing = 0;
		};
/* End PBXResourcesBuildPhase section */

/* Begin PBXSourcesBuildPhase section */
		FC3E11082B62C5D4007E166E /* Sources */ = {
			isa = PBXSourcesBuildPhase;
			buildActionMask = 2147483647;
			files = (
				FC3E11882B67AFBE007E166E /* CategoryCollectionViewCell.swift in Sources */,
				FC3E11622B62DC70007E166E /* QuestionsWireframe.swift in Sources */,
				FC3E117C2B63FA0B007E166E /* Colors.swift in Sources */,
				FC3E11782B63C866007E166E /* UIView+Extension.swift in Sources */,
				FC3E11602B62DC70007E166E /* QuestionsViewController.swift in Sources */,
				FC3E11442B62DBF8007E166E /* OnboardingInterfaces.swift in Sources */,
				FC3E11542B62DC36007E166E /* HomeWireframe.swift in Sources */,
				FC3E11102B62C5D4007E166E /* AppDelegate.swift in Sources */,
				FC3E11522B62DC36007E166E /* HomeViewController.swift in Sources */,
				FC3E11962B685609007E166E /* Categories.swift in Sources */,
				FC3E112D2B62C6CD007E166E /* ViewInterface.swift in Sources */,
				FC3E11452B62DBF8007E166E /* OnboardingPresenter.swift in Sources */,
				FC3E11502B62DC36007E166E /* HomeInterfaces.swift in Sources */,
				FC3E112A2B62C6CD007E166E /* FormatterInterface.swift in Sources */,
				FC3E118D2B67E976007E166E /* GradientBackground.swift in Sources */,
				FC3E11612B62DC70007E166E /* QuestionsInteractor.swift in Sources */,
				FC3E118B2B67C126007E166E /* UIButton+Extension.swift in Sources */,
				FC3E11482B62DBF8007E166E /* OnboardingWireframe.swift in Sources */,
				FC3E11C02B691983007E166E /* User+CoreDataProperties.swift in Sources */,
				FC3E116B2B62DC7F007E166E /* ResultsInterfaces.swift in Sources */,
				FC3E116C2B62DC7F007E166E /* ResultsPresenter.swift in Sources */,
				FC3E11462B62DBF8007E166E /* OnboardingViewController.swift in Sources */,
				FC3E112B2B62C6CD007E166E /* UIStoryboardExtension.swift in Sources */,
				FC3E11942B68503E007E166E /* GalatasarayLegendsData.swift in Sources */,
				FC3E112E2B62C6CD007E166E /* InteractorInterface.swift in Sources */,
				FC3E116E2B62DC7F007E166E /* ResultsInteractor.swift in Sources */,
				FC3E11292B62C6CD007E166E /* BaseWireframe.swift in Sources */,
				FC3E11752B63A9EA007E166E /* GradientView.swift in Sources */,
				FC3E11C62B69BDE1007E166E /* CoreDataService.swift in Sources */,
				FC3E112C2B62C6CD007E166E /* PresenterInterface.swift in Sources */,
				FC3E11992B68F9F1007E166E /* FaceAnswer.xcdatamodeld in Sources */,
				FC3E11BF2B691983007E166E /* User+CoreDataClass.swift in Sources */,
				FC3E116F2B62DC7F007E166E /* ResultsWireframe.swift in Sources */,
				FC3E115F2B62DC70007E166E /* QuestionsPresenter.swift in Sources */,
				FC3E11532B62DC36007E166E /* HomeInteractor.swift in Sources */,
				FC3E116D2B62DC7F007E166E /* ResultsViewController.swift in Sources */,
				FC3E11822B64499B007E166E /* UserService.swift in Sources */,
				FC3E11472B62DBF8007E166E /* OnboardingInteractor.swift in Sources */,
				FC3E11512B62DC36007E166E /* HomePresenter.swift in Sources */,
				FC3E118F2B683051007E166E /* EuropeanCinemaData.swift in Sources */,
				FC3E115E2B62DC70007E166E /* QuestionsInterfaces.swift in Sources */,
			);
			runOnlyForDeploymentPostprocessing = 0;
		};
/* End PBXSourcesBuildPhase section */

/* Begin PBXVariantGroup section */
		FC3E111A2B62C5D6007E166E /* LaunchScreen.storyboard */ = {
			isa = PBXVariantGroup;
			children = (
				FC3E111B2B62C5D6007E166E /* Base */,
			);
			name = LaunchScreen.storyboard;
			sourceTree = "<group>";
		};
/* End PBXVariantGroup section */

/* Begin XCBuildConfiguration section */
		FC3E111E2B62C5D6007E166E /* Debug */ = {
			isa = XCBuildConfiguration;
			buildSettings = {
				ALWAYS_SEARCH_USER_PATHS = NO;
				ASSETCATALOG_COMPILER_GENERATE_SWIFT_ASSET_SYMBOL_EXTENSIONS = YES;
				CLANG_ANALYZER_NONNULL = YES;
				CLANG_ANALYZER_NUMBER_OBJECT_CONVERSION = YES_AGGRESSIVE;
				CLANG_CXX_LANGUAGE_STANDARD = "gnu++20";
				CLANG_ENABLE_MODULES = YES;
				CLANG_ENABLE_OBJC_ARC = YES;
				CLANG_ENABLE_OBJC_WEAK = YES;
				CLANG_WARN_BLOCK_CAPTURE_AUTORELEASING = YES;
				CLANG_WARN_BOOL_CONVERSION = YES;
				CLANG_WARN_COMMA = YES;
				CLANG_WARN_CONSTANT_CONVERSION = YES;
				CLANG_WARN_DEPRECATED_OBJC_IMPLEMENTATIONS = YES;
				CLANG_WARN_DIRECT_OBJC_ISA_USAGE = YES_ERROR;
				CLANG_WARN_DOCUMENTATION_COMMENTS = YES;
				CLANG_WARN_EMPTY_BODY = YES;
				CLANG_WARN_ENUM_CONVERSION = YES;
				CLANG_WARN_INFINITE_RECURSION = YES;
				CLANG_WARN_INT_CONVERSION = YES;
				CLANG_WARN_NON_LITERAL_NULL_CONVERSION = YES;
				CLANG_WARN_OBJC_IMPLICIT_RETAIN_SELF = YES;
				CLANG_WARN_OBJC_LITERAL_CONVERSION = YES;
				CLANG_WARN_OBJC_ROOT_CLASS = YES_ERROR;
				CLANG_WARN_QUOTED_INCLUDE_IN_FRAMEWORK_HEADER = YES;
				CLANG_WARN_RANGE_LOOP_ANALYSIS = YES;
				CLANG_WARN_STRICT_PROTOTYPES = YES;
				CLANG_WARN_SUSPICIOUS_MOVE = YES;
				CLANG_WARN_UNGUARDED_AVAILABILITY = YES_AGGRESSIVE;
				CLANG_WARN_UNREACHABLE_CODE = YES;
				CLANG_WARN__DUPLICATE_METHOD_MATCH = YES;
				COPY_PHASE_STRIP = NO;
				DEBUG_INFORMATION_FORMAT = dwarf;
				ENABLE_STRICT_OBJC_MSGSEND = YES;
				ENABLE_TESTABILITY = YES;
				ENABLE_USER_SCRIPT_SANDBOXING = YES;
				GCC_C_LANGUAGE_STANDARD = gnu17;
				GCC_DYNAMIC_NO_PIC = NO;
				GCC_NO_COMMON_BLOCKS = YES;
				GCC_OPTIMIZATION_LEVEL = 0;
				GCC_PREPROCESSOR_DEFINITIONS = (
					"DEBUG=1",
					"$(inherited)",
				);
				GCC_WARN_64_TO_32_BIT_CONVERSION = YES;
				GCC_WARN_ABOUT_RETURN_TYPE = YES_ERROR;
				GCC_WARN_UNDECLARED_SELECTOR = YES;
				GCC_WARN_UNINITIALIZED_AUTOS = YES_AGGRESSIVE;
				GCC_WARN_UNUSED_FUNCTION = YES;
				GCC_WARN_UNUSED_VARIABLE = YES;
				IPHONEOS_DEPLOYMENT_TARGET = 17.2;
				LOCALIZATION_PREFERS_STRING_CATALOGS = YES;
				MTL_ENABLE_DEBUG_INFO = INCLUDE_SOURCE;
				MTL_FAST_MATH = YES;
				ONLY_ACTIVE_ARCH = YES;
				SDKROOT = iphoneos;
				SWIFT_ACTIVE_COMPILATION_CONDITIONS = "DEBUG $(inherited)";
				SWIFT_OPTIMIZATION_LEVEL = "-Onone";
			};
			name = Debug;
		};
		FC3E111F2B62C5D6007E166E /* Release */ = {
			isa = XCBuildConfiguration;
			buildSettings = {
				ALWAYS_SEARCH_USER_PATHS = NO;
				ASSETCATALOG_COMPILER_GENERATE_SWIFT_ASSET_SYMBOL_EXTENSIONS = YES;
				CLANG_ANALYZER_NONNULL = YES;
				CLANG_ANALYZER_NUMBER_OBJECT_CONVERSION = YES_AGGRESSIVE;
				CLANG_CXX_LANGUAGE_STANDARD = "gnu++20";
				CLANG_ENABLE_MODULES = YES;
				CLANG_ENABLE_OBJC_ARC = YES;
				CLANG_ENABLE_OBJC_WEAK = YES;
				CLANG_WARN_BLOCK_CAPTURE_AUTORELEASING = YES;
				CLANG_WARN_BOOL_CONVERSION = YES;
				CLANG_WARN_COMMA = YES;
				CLANG_WARN_CONSTANT_CONVERSION = YES;
				CLANG_WARN_DEPRECATED_OBJC_IMPLEMENTATIONS = YES;
				CLANG_WARN_DIRECT_OBJC_ISA_USAGE = YES_ERROR;
				CLANG_WARN_DOCUMENTATION_COMMENTS = YES;
				CLANG_WARN_EMPTY_BODY = YES;
				CLANG_WARN_ENUM_CONVERSION = YES;
				CLANG_WARN_INFINITE_RECURSION = YES;
				CLANG_WARN_INT_CONVERSION = YES;
				CLANG_WARN_NON_LITERAL_NULL_CONVERSION = YES;
				CLANG_WARN_OBJC_IMPLICIT_RETAIN_SELF = YES;
				CLANG_WARN_OBJC_LITERAL_CONVERSION = YES;
				CLANG_WARN_OBJC_ROOT_CLASS = YES_ERROR;
				CLANG_WARN_QUOTED_INCLUDE_IN_FRAMEWORK_HEADER = YES;
				CLANG_WARN_RANGE_LOOP_ANALYSIS = YES;
				CLANG_WARN_STRICT_PROTOTYPES = YES;
				CLANG_WARN_SUSPICIOUS_MOVE = YES;
				CLANG_WARN_UNGUARDED_AVAILABILITY = YES_AGGRESSIVE;
				CLANG_WARN_UNREACHABLE_CODE = YES;
				CLANG_WARN__DUPLICATE_METHOD_MATCH = YES;
				COPY_PHASE_STRIP = NO;
				DEBUG_INFORMATION_FORMAT = "dwarf-with-dsym";
				ENABLE_NS_ASSERTIONS = NO;
				ENABLE_STRICT_OBJC_MSGSEND = YES;
				ENABLE_USER_SCRIPT_SANDBOXING = YES;
				GCC_C_LANGUAGE_STANDARD = gnu17;
				GCC_NO_COMMON_BLOCKS = YES;
				GCC_WARN_64_TO_32_BIT_CONVERSION = YES;
				GCC_WARN_ABOUT_RETURN_TYPE = YES_ERROR;
				GCC_WARN_UNDECLARED_SELECTOR = YES;
				GCC_WARN_UNINITIALIZED_AUTOS = YES_AGGRESSIVE;
				GCC_WARN_UNUSED_FUNCTION = YES;
				GCC_WARN_UNUSED_VARIABLE = YES;
				IPHONEOS_DEPLOYMENT_TARGET = 17.2;
				LOCALIZATION_PREFERS_STRING_CATALOGS = YES;
				MTL_ENABLE_DEBUG_INFO = NO;
				MTL_FAST_MATH = YES;
				SDKROOT = iphoneos;
				SWIFT_COMPILATION_MODE = wholemodule;
				VALIDATE_PRODUCT = YES;
			};
			name = Release;
		};
		FC3E11212B62C5D6007E166E /* Debug */ = {
			isa = XCBuildConfiguration;
			buildSettings = {
				ASSETCATALOG_COMPILER_APPICON_NAME = AppIcon;
				ASSETCATALOG_COMPILER_GLOBAL_ACCENT_COLOR_NAME = AccentColor;
				CODE_SIGN_STYLE = Automatic;
				CURRENT_PROJECT_VERSION = 1;
				DEVELOPMENT_TEAM = QDJ89N8A4L;
				GENERATE_INFOPLIST_FILE = YES;
				INFOPLIST_FILE = FaceAnswer/Info.plist;
				INFOPLIST_KEY_UIApplicationSupportsIndirectInputEvents = YES;
				INFOPLIST_KEY_UILaunchStoryboardName = LaunchScreen;
				INFOPLIST_KEY_UIMainStoryboardFile = "";
				INFOPLIST_KEY_UISupportedInterfaceOrientations_iPad = "UIInterfaceOrientationPortrait UIInterfaceOrientationPortraitUpsideDown UIInterfaceOrientationLandscapeLeft UIInterfaceOrientationLandscapeRight";
				INFOPLIST_KEY_UISupportedInterfaceOrientations_iPhone = "UIInterfaceOrientationPortrait UIInterfaceOrientationLandscapeLeft UIInterfaceOrientationLandscapeRight";
				LD_RUNPATH_SEARCH_PATHS = (
					"$(inherited)",
					"@executable_path/Frameworks",
				);
				MARKETING_VERSION = 1.0;
				PRODUCT_BUNDLE_IDENTIFIER = com.mobenttech.FaceAnswer;
				PRODUCT_NAME = "$(TARGET_NAME)";
				SWIFT_EMIT_LOC_STRINGS = YES;
				SWIFT_VERSION = 5.0;
				TARGETED_DEVICE_FAMILY = "1,2";
			};
			name = Debug;
		};
		FC3E11222B62C5D6007E166E /* Release */ = {
			isa = XCBuildConfiguration;
			buildSettings = {
				ASSETCATALOG_COMPILER_APPICON_NAME = AppIcon;
				ASSETCATALOG_COMPILER_GLOBAL_ACCENT_COLOR_NAME = AccentColor;
				CODE_SIGN_STYLE = Automatic;
				CURRENT_PROJECT_VERSION = 1;
				DEVELOPMENT_TEAM = QDJ89N8A4L;
				GENERATE_INFOPLIST_FILE = YES;
				INFOPLIST_FILE = FaceAnswer/Info.plist;
				INFOPLIST_KEY_UIApplicationSupportsIndirectInputEvents = YES;
				INFOPLIST_KEY_UILaunchStoryboardName = LaunchScreen;
				INFOPLIST_KEY_UIMainStoryboardFile = "";
				INFOPLIST_KEY_UISupportedInterfaceOrientations_iPad = "UIInterfaceOrientationPortrait UIInterfaceOrientationPortraitUpsideDown UIInterfaceOrientationLandscapeLeft UIInterfaceOrientationLandscapeRight";
				INFOPLIST_KEY_UISupportedInterfaceOrientations_iPhone = "UIInterfaceOrientationPortrait UIInterfaceOrientationLandscapeLeft UIInterfaceOrientationLandscapeRight";
				LD_RUNPATH_SEARCH_PATHS = (
					"$(inherited)",
					"@executable_path/Frameworks",
				);
				MARKETING_VERSION = 1.0;
				PRODUCT_BUNDLE_IDENTIFIER = com.mobenttech.FaceAnswer;
				PRODUCT_NAME = "$(TARGET_NAME)";
				SWIFT_EMIT_LOC_STRINGS = YES;
				SWIFT_VERSION = 5.0;
				TARGETED_DEVICE_FAMILY = "1,2";
			};
			name = Release;
		};
/* End XCBuildConfiguration section */

/* Begin XCConfigurationList section */
		FC3E11072B62C5D4007E166E /* Build configuration list for PBXProject "FaceAnswer" */ = {
			isa = XCConfigurationList;
			buildConfigurations = (
				FC3E111E2B62C5D6007E166E /* Debug */,
				FC3E111F2B62C5D6007E166E /* Release */,
			);
			defaultConfigurationIsVisible = 0;
			defaultConfigurationName = Release;
		};
		FC3E11202B62C5D6007E166E /* Build configuration list for PBXNativeTarget "FaceAnswer" */ = {
			isa = XCConfigurationList;
			buildConfigurations = (
				FC3E11212B62C5D6007E166E /* Debug */,
				FC3E11222B62C5D6007E166E /* Release */,
			);
			defaultConfigurationIsVisible = 0;
			defaultConfigurationName = Release;
		};
/* End XCConfigurationList section */

/* Begin XCVersionGroup section */
		FC3E11972B68F9F1007E166E /* FaceAnswer.xcdatamodeld */ = {
			isa = XCVersionGroup;
			children = (
				FC3E11982B68F9F1007E166E /* FaceAnswer.xcdatamodel */,
			);
			currentVersion = FC3E11982B68F9F1007E166E /* FaceAnswer.xcdatamodel */;
			path = FaceAnswer.xcdatamodeld;
			sourceTree = "<group>";
			versionGroupType = wrapper.xcdatamodel;
		};
/* End XCVersionGroup section */
	};
	rootObject = FC3E11042B62C5D4007E166E /* Project object */;
}
